
Microsoft Visual Studio Solution File, Format Version 12.00
# Visual Studio Version 16
VisualStudioVersion = 16.0.31624.102
MinimumVisualStudioVersion = 10.0.40219.1
Project("{FAE04EC0-301F-11D3-BF4B-00C04F79EFBC}") = "PasswordEncrypt", "PasswordEncrypt.csproj", "{0E4F5522-1AA3-4BBF-BFBD-B7276C70E2F6}"
EndProject
Global
	GlobalSection(SolutionConfigurationPlatforms) = preSolution
		Debug|Any CPU = Debug|Any CPU
		Release|Any CPU = Release|Any CPU
	EndGlobalSection
	GlobalSection(ProjectConfigurationPlatforms) = postSolution
		{0E4F5522-1AA3-4BBF-BFBD-B7276C70E2F6}.Debug|Any CPU.ActiveCfg = Debug|Any CPU
		{0E4F5522-1AA3-4BBF-BFBD-B7276C70E2F6}.Debug|Any CPU.Build.0 = Debug|Any CPU
		{0E4F5522-1AA3-4BBF-BFBD-B7276C70E2F6}.Release|Any CPU.ActiveCfg = Release|Any CPU
		{0E4F5522-1AA3-4BBF-BFBD-B7276C70E2F6}.Release|Any CPU.Build.0 = Release|Any CPU
	EndGlobalSection
	GlobalSection(SolutionProperties) = preSolution
		HideSolutionNode = FALSE
	EndGlobalSection
	GlobalSection(ExtensibilityGlobals) = postSolution
		SolutionGuid = {D47A131C-60E5-44F2-9FF4-5F0110AB0CCE}
	EndGlobalSection
EndGlobal
